
Microsoft Visual Studio Solution File, Format Version 12.00
# Visual Studio 15
Project("{FAE04EC0-301F-11D3-BF4B-00C04F79EFBC}") = "src/IDSConsole", "src/IDSConsole\IDSConsole.csproj", "{FC42F5C2-B5E4-4AA2-A30C-8A5EE6F6EED5}"
EndProject
Global
	GlobalSection(SolutionConfigurationPlatforms) = preSolution
		Debug|Any CPU = Debug|Any CPU
		Release|Any CPU = Release|Any CPU
	EndGlobalSection
	GlobalSection(ProjectConfigurationPlatforms) = postSolution
		{FC42F5C2-B5E4-4AA2-A30C-8A5EE6F6EED5}.Debug|Any CPU.ActiveCfg = Debug|Any CPU
		{FC42F5C2-B5E4-4AA2-A30C-8A5EE6F6EED5}.Debug|Any CPU.Build.0 = Debug|Any CPU
		{FC42F5C2-B5E4-4AA2-A30C-8A5EE6F6EED5}.Release|Any CPU.ActiveCfg = Release|Any CPU
		{FC42F5C2-B5E4-4AA2-A30C-8A5EE6F6EED5}.Release|Any CPU.Build.0 = Release|Any CPU
	EndGlobalSection
EndGlobal
